// !$*UTF8*$!
{
	archiveVersion = 1;
	classes = {
	};
	objectVersion = 46;
	objects = {

/* Begin PBXBuildFile section */
		890E3BE11764B063009E76E6 /* ViewController3.m in Sources */ = {isa = PBXBuildFile; fileRef = 890E3BDF1764B063009E76E6 /* ViewController3.m */; };
		890E3BE21764B063009E76E6 /* ViewController3.xib in Resources */ = {isa = PBXBuildFile; fileRef = 890E3BE01764B063009E76E6 /* ViewController3.xib */; };
		8932CE771768551100FA1D2F /* tab1_off.png in Resources */ = {isa = PBXBuildFile; fileRef = 8932CE6B1768551100FA1D2F /* tab1_off.png */; };
		8932CE781768551100FA1D2F /* tab1_off.png in Resources */ = {isa = PBXBuildFile; fileRef = 8932CE6B1768551100FA1D2F /* tab1_off.png */; };
		8932CE791768551100FA1D2F /* tab1_off@2x.png in Resources */ = {isa = PBXBuildFile; fileRef = 8932CE6C1768551100FA1D2F /* tab1_off@2x.png */; };
		8932CE7A1768551100FA1D2F /* tab1_off@2x.png in Resources */ = {isa = PBXBuildFile; fileRef = 8932CE6C1768551100FA1D2F /* tab1_off@2x.png */; };
		8932CE7B1768551100FA1D2F /* tab1_on.png in Resources */ = {isa = PBXBuildFile; fileRef = 8932CE6D1768551100FA1D2F /* tab1_on.png */; };
		8932CE7C1768551100FA1D2F /* tab1_on.png in Resources */ = {isa = PBXBuildFile; fileRef = 8932CE6D1768551100FA1D2F /* tab1_on.png */; };
		8932CE7D1768551100FA1D2F /* tab1_on@2x.png in Resources */ = {isa = PBXBuildFile; fileRef = 8932CE6E1768551100FA1D2F /* tab1_on@2x.png */; };
		8932CE7E1768551100FA1D2F /* tab1_on@2x.png in Resources */ = {isa = PBXBuildFile; fileRef = 8932CE6E1768551100FA1D2F /* tab1_on@2x.png */; };
		8932CE7F1768551100FA1D2F /* tab2_off.png in Resources */ = {isa = PBXBuildFile; fileRef = 8932CE6F1768551100FA1D2F /* tab2_off.png */; };
		8932CE801768551100FA1D2F /* tab2_off.png in Resources */ = {isa = PBXBuildFile; fileRef = 8932CE6F1768551100FA1D2F /* tab2_off.png */; };
		8932CE811768551100FA1D2F /* tab2_off@2x.png in Resources */ = {isa = PBXBuildFile; fileRef = 8932CE701768551100FA1D2F /* tab2_off@2x.png */; };
		8932CE821768551100FA1D2F /* tab2_off@2x.png in Resources */ = {isa = PBXBuildFile; fileRef = 8932CE701768551100FA1D2F /* tab2_off@2x.png */; };
		8932CE831768551100FA1D2F /* tab2_on.png in Resources */ = {isa = PBXBuildFile; fileRef = 8932CE711768551100FA1D2F /* tab2_on.png */; };
		8932CE841768551100FA1D2F /* tab2_on.png in Resources */ = {isa = PBXBuildFile; fileRef = 8932CE711768551100FA1D2F /* tab2_on.png */; };
		8932CE851768551100FA1D2F /* tab2_on@2x.png in Resources */ = {isa = PBXBuildFile; fileRef = 8932CE721768551100FA1D2F /* tab2_on@2x.png */; };
		8932CE861768551100FA1D2F /* tab2_on@2x.png in Resources */ = {isa = PBXBuildFile; fileRef = 8932CE721768551100FA1D2F /* tab2_on@2x.png */; };
		8932CE871768551100FA1D2F /* tab3_off.png in Resources */ = {isa = PBXBuildFile; fileRef = 8932CE731768551100FA1D2F /* tab3_off.png */; };
		8932CE881768551100FA1D2F /* tab3_off.png in Resources */ = {isa = PBXBuildFile; fileRef = 8932CE731768551100FA1D2F /* tab3_off.png */; };
		8932CE891768551100FA1D2F /* tab3_off@2x.png in Resources */ = {isa = PBXBuildFile; fileRef = 8932CE741768551100FA1D2F /* tab3_off@2x.png */; };
		8932CE8A1768551100FA1D2F /* tab3_off@2x.png in Resources */ = {isa = PBXBuildFile; fileRef = 8932CE741768551100FA1D2F /* tab3_off@2x.png */; };
		8932CE8B1768551100FA1D2F /* tab3_on.png in Resources */ = {isa = PBXBuildFile; fileRef = 8932CE751768551100FA1D2F /* tab3_on.png */; };
		8932CE8C1768551100FA1D2F /* tab3_on.png in Resources */ = {isa = PBXBuildFile; fileRef = 8932CE751768551100FA1D2F /* tab3_on.png */; };
		8932CE8D1768551100FA1D2F /* tab3_on@2x.png in Resources */ = {isa = PBXBuildFile; fileRef = 8932CE761768551100FA1D2F /* tab3_on@2x.png */; };
		8932CE8E1768551100FA1D2F /* tab3_on@2x.png in Resources */ = {isa = PBXBuildFile; fileRef = 8932CE761768551100FA1D2F /* tab3_on@2x.png */; };
		8932CE9117685F2500FA1D2F /* tableSectionBar.m in Sources */ = {isa = PBXBuildFile; fileRef = 8932CE9017685F2500FA1D2F /* tableSectionBar.m */; };
		8932CE9217685F2500FA1D2F /* tableSectionBar.m in Sources */ = {isa = PBXBuildFile; fileRef = 8932CE9017685F2500FA1D2F /* tableSectionBar.m */; };
		8935CA6E1761D53100A07174 /* MarsCell.m in Sources */ = {isa = PBXBuildFile; fileRef = 8935CA6D1761D53100A07174 /* MarsCell.m */; };
		89500D22175F6BAC0087C6D0 /* ViewController2.m in Sources */ = {isa = PBXBuildFile; fileRef = 89500D20175F6BAC0087C6D0 /* ViewController2.m */; };
		89500D23175F6BAC0087C6D0 /* ViewController2.xib in Resources */ = {isa = PBXBuildFile; fileRef = 89500D21175F6BAC0087C6D0 /* ViewController2.xib */; };
		8954145F17588E4000CF0D3B /* happy.png in Resources */ = {isa = PBXBuildFile; fileRef = 8954145A17588E4000CF0D3B /* happy.png */; };
		8954146017588E4000CF0D3B /* happy.png in Resources */ = {isa = PBXBuildFile; fileRef = 8954145A17588E4000CF0D3B /* happy.png */; };
		8954146117588E4000CF0D3B /* redhat_games.png in Resources */ = {isa = PBXBuildFile; fileRef = 8954145B17588E4000CF0D3B /* redhat_games.png */; };
		8954146217588E4000CF0D3B /* redhat_games.png in Resources */ = {isa = PBXBuildFile; fileRef = 8954145B17588E4000CF0D3B /* redhat_games.png */; };
		8954146317588E4000CF0D3B /* sleeping_santaclaus.png in Resources */ = {isa = PBXBuildFile; fileRef = 8954145C17588E4000CF0D3B /* sleeping_santaclaus.png */; };
		8954146417588E4000CF0D3B /* sleeping_santaclaus.png in Resources */ = {isa = PBXBuildFile; fileRef = 8954145C17588E4000CF0D3B /* sleeping_santaclaus.png */; };
		89541466175896B700CF0D3B /* face_monkey.png in Resources */ = {isa = PBXBuildFile; fileRef = 89541465175896B700CF0D3B /* face_monkey.png */; };
		89541467175896B700CF0D3B /* face_monkey.png in Resources */ = {isa = PBXBuildFile; fileRef = 89541465175896B700CF0D3B /* face_monkey.png */; };
		8954146917589C8100CF0D3B /* tsitter_square_sleeping.png in Resources */ = {isa = PBXBuildFile; fileRef = 8954146817589C8000CF0D3B /* tsitter_square_sleeping.png */; };
		8954146A17589C8100CF0D3B /* tsitter_square_sleeping.png in Resources */ = {isa = PBXBuildFile; fileRef = 8954146817589C8000CF0D3B /* tsitter_square_sleeping.png */; };
		8954146C175B18E600CF0D3B /* China@2x.png in Resources */ = {isa = PBXBuildFile; fileRef = 8954146B175B18E600CF0D3B /* China@2x.png */; };
		8954146E175B190600CF0D3B /* England@2x.png in Resources */ = {isa = PBXBuildFile; fileRef = 8954146D175B190600CF0D3B /* England@2x.png */; };
		89541470175B191200CF0D3B /* Italy@2x.png in Resources */ = {isa = PBXBuildFile; fileRef = 8954146F175B191200CF0D3B /* Italy@2x.png */; };
		89541472175B191B00CF0D3B /* Japan@2x.png in Resources */ = {isa = PBXBuildFile; fileRef = 89541471175B191B00CF0D3B /* Japan@2x.png */; };
		89541474175B192900CF0D3B /* France@2x.png in Resources */ = {isa = PBXBuildFile; fileRef = 89541473175B192800CF0D3B /* France@2x.png */; };
		89541476175B193900CF0D3B /* Germany@2x.png in Resources */ = {isa = PBXBuildFile; fileRef = 89541475175B193900CF0D3B /* Germany@2x.png */; };
		8960F7F6176205FB001CC8DC /* MarsCell.xib in Resources */ = {isa = PBXBuildFile; fileRef = 8960F7F5176205FB001CC8DC /* MarsCell.xib */; };
		896909101762090300257246 /* DuduCell.xib in Resources */ = {isa = PBXBuildFile; fileRef = 8969090F1762090300257246 /* DuduCell.xib */; };
		896909131762091B00257246 /* DuduCell.m in Sources */ = {isa = PBXBuildFile; fileRef = 896909121762091B00257246 /* DuduCell.m */; };
		8969091517620F1100257246 /* left_white@2x.png in Resources */ = {isa = PBXBuildFile; fileRef = 8969091417620F1100257246 /* left_white@2x.png */; };
		89690917176222DE00257246 /* photo_down@2x.png in Resources */ = {isa = PBXBuildFile; fileRef = 89690916176222DE00257246 /* photo_down@2x.png */; };
		897B9CC71769BB1A00C21983 /* QuartzCore.framework in Frameworks */ = {isa = PBXBuildFile; fileRef = 897B9CC61769BB1A00C21983 /* QuartzCore.framework */; };
		89AAEDCD1760D5F800EA2EB9 /* photo_bac@2x.png in Resources */ = {isa = PBXBuildFile; fileRef = 89AAEDCC1760D5F800EA2EB9 /* photo_bac@2x.png */; };
		89AAEDCE1760D5F800EA2EB9 /* photo_bac@2x.png in Resources */ = {isa = PBXBuildFile; fileRef = 89AAEDCC1760D5F800EA2EB9 /* photo_bac@2x.png */; };
		97216A5D172D08830002F022 /* UIKit.framework in Frameworks */ = {isa = PBXBuildFile; fileRef = 97216A5C172D08830002F022 /* UIKit.framework */; };
		97216A5F172D08830002F022 /* Foundation.framework in Frameworks */ = {isa = PBXBuildFile; fileRef = 97216A5E172D08830002F022 /* Foundation.framework */; };
		97216A61172D08830002F022 /* CoreGraphics.framework in Frameworks */ = {isa = PBXBuildFile; fileRef = 97216A60172D08830002F022 /* CoreGraphics.framework */; };
		97216A67172D08830002F022 /* InfoPlist.strings in Resources */ = {isa = PBXBuildFile; fileRef = 97216A65172D08830002F022 /* InfoPlist.strings */; };
		97216A69172D08830002F022 /* main.m in Sources */ = {isa = PBXBuildFile; fileRef = 97216A68172D08830002F022 /* main.m */; };
		97216A6D172D08830002F022 /* AppDelegate.m in Sources */ = {isa = PBXBuildFile; fileRef = 97216A6C172D08830002F022 /* AppDelegate.m */; };
		97216A6F172D08830002F022 /* Default.png in Resources */ = {isa = PBXBuildFile; fileRef = 97216A6E172D08830002F022 /* Default.png */; };
		97216A71172D08830002F022 /* Default@2x.png in Resources */ = {isa = PBXBuildFile; fileRef = 97216A70172D08830002F022 /* Default@2x.png */; };
		97216A73172D08830002F022 /* Default-568h@2x.png in Resources */ = {isa = PBXBuildFile; fileRef = 97216A72172D08830002F022 /* Default-568h@2x.png */; };
		97216A76172D08830002F022 /* MainStoryboard_iPhone.storyboard in Resources */ = {isa = PBXBuildFile; fileRef = 97216A74172D08830002F022 /* MainStoryboard_iPhone.storyboard */; };
		97216A79172D08830002F022 /* MainStoryboard_iPad.storyboard in Resources */ = {isa = PBXBuildFile; fileRef = 97216A77172D08830002F022 /* MainStoryboard_iPad.storyboard */; };
		97216A7C172D08830002F022 /* ViewController.m in Sources */ = {isa = PBXBuildFile; fileRef = 97216A7B172D08830002F022 /* ViewController.m */; };
		97216A84172D08830002F022 /* SenTestingKit.framework in Frameworks */ = {isa = PBXBuildFile; fileRef = 97216A83172D08830002F022 /* SenTestingKit.framework */; };
		97216A85172D08830002F022 /* UIKit.framework in Frameworks */ = {isa = PBXBuildFile; fileRef = 97216A5C172D08830002F022 /* UIKit.framework */; };
		97216A86172D08830002F022 /* Foundation.framework in Frameworks */ = {isa = PBXBuildFile; fileRef = 97216A5E172D08830002F022 /* Foundation.framework */; };
		97216A8E172D08830002F022 /* InfoPlist.strings in Resources */ = {isa = PBXBuildFile; fileRef = 97216A8C172D08830002F022 /* InfoPlist.strings */; };
		97216A91172D08830002F022 /* TEST2Tests.m in Sources */ = {isa = PBXBuildFile; fileRef = 97216A90172D08830002F022 /* TEST2Tests.m */; };
		97305DF0173353AF00E8C97A /* mars.jpg in Resources */ = {isa = PBXBuildFile; fileRef = 97305DEF173353AF00E8C97A /* mars.jpg */; };
		976044A41733608A0013E532 /* 123.png in Resources */ = {isa = PBXBuildFile; fileRef = 976044A31733608A0013E532 /* 123.png */; };
		97DD13B01732648E0030CC46 /* README-GHUnit in Resources */ = {isa = PBXBuildFile; fileRef = 97DD13AC1732648E0030CC46 /* README-GHUnit */; };
		97DD13B11732648E0030CC46 /* Reachability.m in Sources */ = {isa = PBXBuildFile; fileRef = 97DD13AF1732648E0030CC46 /* Reachability.m */; settings = {COMPILER_FLAGS = "-fno-objc-arc"; }; };
		97DD1405173264FD0030CC46 /* ASIAuthenticationDialog.m in Sources */ = {isa = PBXBuildFile; fileRef = 97DD13B4173264FD0030CC46 /* ASIAuthenticationDialog.m */; settings = {COMPILER_FLAGS = "-fno-objc-arc"; }; };
		97DD1406173264FD0030CC46 /* ASIDataCompressor.m in Sources */ = {isa = PBXBuildFile; fileRef = 97DD13B7173264FD0030CC46 /* ASIDataCompressor.m */; settings = {COMPILER_FLAGS = "-fno-objc-arc"; }; };
		97DD1407173264FD0030CC46 /* ASIDataDecompressor.m in Sources */ = {isa = PBXBuildFile; fileRef = 97DD13B9173264FD0030CC46 /* ASIDataDecompressor.m */; settings = {COMPILER_FLAGS = "-fno-objc-arc"; }; };
		97DD1408173264FD0030CC46 /* ASIDownloadCache.m in Sources */ = {isa = PBXBuildFile; fileRef = 97DD13BB173264FD0030CC46 /* ASIDownloadCache.m */; settings = {COMPILER_FLAGS = "-fno-objc-arc"; }; };
		97DD1409173264FD0030CC46 /* ASIFormDataRequest.m in Sources */ = {isa = PBXBuildFile; fileRef = 97DD13BD173264FD0030CC46 /* ASIFormDataRequest.m */; settings = {COMPILER_FLAGS = "-fno-objc-arc"; }; };
		97DD140A173264FD0030CC46 /* ASIHTTPRequest.m in Sources */ = {isa = PBXBuildFile; fileRef = 97DD13BF173264FD0030CC46 /* ASIHTTPRequest.m */; settings = {COMPILER_FLAGS = "-fno-objc-arc"; }; };
		97DD140B173264FD0030CC46 /* ASIInputStream.m in Sources */ = {isa = PBXBuildFile; fileRef = 97DD13C3173264FD0030CC46 /* ASIInputStream.m */; settings = {COMPILER_FLAGS = "-fno-objc-arc"; }; };
		97DD140C173264FD0030CC46 /* ASINetworkQueue.m in Sources */ = {isa = PBXBuildFile; fileRef = 97DD13C5173264FD0030CC46 /* ASINetworkQueue.m */; settings = {COMPILER_FLAGS = "-fno-objc-arc"; }; };
		97DD140D173264FD0030CC46 /* ASIWebPageRequest.m in Sources */ = {isa = PBXBuildFile; fileRef = 97DD13C9173264FD0030CC46 /* ASIWebPageRequest.m */; settings = {COMPILER_FLAGS = "-fno-objc-arc"; }; };
		97DD140E173264FD0030CC46 /* ASICloudFilesCDNRequest.m in Sources */ = {isa = PBXBuildFile; fileRef = 97DD13CC173264FD0030CC46 /* ASICloudFilesCDNRequest.m */; settings = {COMPILER_FLAGS = "-fno-objc-arc"; }; };
		97DD140F173264FD0030CC46 /* ASICloudFilesContainer.m in Sources */ = {isa = PBXBuildFile; fileRef = 97DD13CE173264FD0030CC46 /* ASICloudFilesContainer.m */; settings = {COMPILER_FLAGS = "-fno-objc-arc"; }; };
		97DD1410173264FD0030CC46 /* ASICloudFilesContainerRequest.m in Sources */ = {isa = PBXBuildFile; fileRef = 97DD13D0173264FD0030CC46 /* ASICloudFilesContainerRequest.m */; settings = {COMPILER_FLAGS = "-fno-objc-arc"; }; };
		97DD1411173264FD0030CC46 /* ASICloudFilesContainerXMLParserDelegate.m in Sources */ = {isa = PBXBuildFile; fileRef = 97DD13D2173264FD0030CC46 /* ASICloudFilesContainerXMLParserDelegate.m */; settings = {COMPILER_FLAGS = "-fno-objc-arc"; }; };
		97DD1412173264FD0030CC46 /* ASICloudFilesObject.m in Sources */ = {isa = PBXBuildFile; fileRef = 97DD13D4173264FD0030CC46 /* ASICloudFilesObject.m */; settings = {COMPILER_FLAGS = "-fno-objc-arc"; }; };
		97DD1413173264FD0030CC46 /* ASICloudFilesObjectRequest.m in Sources */ = {isa = PBXBuildFile; fileRef = 97DD13D6173264FD0030CC46 /* ASICloudFilesObjectRequest.m */; settings = {COMPILER_FLAGS = "-fno-objc-arc"; }; };
		97DD1414173264FD0030CC46 /* ASICloudFilesRequest.m in Sources */ = {isa = PBXBuildFile; fileRef = 97DD13D8173264FD0030CC46 /* ASICloudFilesRequest.m */; settings = {COMPILER_FLAGS = "-fno-objc-arc"; }; };
		97DD1415173264FD0030CC46 /* ASIS3Bucket.m in Sources */ = {isa = PBXBuildFile; fileRef = 97DD13DC173264FD0030CC46 /* ASIS3Bucket.m */; settings = {COMPILER_FLAGS = "-fno-objc-arc"; }; };
		97DD1416173264FD0030CC46 /* ASIS3BucketObject.m in Sources */ = {isa = PBXBuildFile; fileRef = 97DD13DE173264FD0030CC46 /* ASIS3BucketObject.m */; settings = {COMPILER_FLAGS = "-fno-objc-arc"; }; };
		97DD1417173264FD0030CC46 /* ASIS3BucketRequest.m in Sources */ = {isa = PBXBuildFile; fileRef = 97DD13E0173264FD0030CC46 /* ASIS3BucketRequest.m */; settings = {COMPILER_FLAGS = "-fno-objc-arc"; }; };
		97DD1418173264FD0030CC46 /* ASIS3ObjectRequest.m in Sources */ = {isa = PBXBuildFile; fileRef = 97DD13E2173264FD0030CC46 /* ASIS3ObjectRequest.m */; settings = {COMPILER_FLAGS = "-fno-objc-arc"; }; };
		97DD1419173264FD0030CC46 /* ASIS3Request.m in Sources */ = {isa = PBXBuildFile; fileRef = 97DD13E4173264FD0030CC46 /* ASIS3Request.m */; settings = {COMPILER_FLAGS = "-fno-objc-arc"; }; };
		97DD141A173264FD0030CC46 /* ASIS3ServiceRequest.m in Sources */ = {isa = PBXBuildFile; fileRef = 97DD13E6173264FD0030CC46 /* ASIS3ServiceRequest.m */; settings = {COMPILER_FLAGS = "-fno-objc-arc"; }; };
		97DD142B173268FA0030CC46 /* CFNetwork.framework in Frameworks */ = {isa = PBXBuildFile; fileRef = 97DD142A173268FA0030CC46 /* CFNetwork.framework */; };
		97DD142D173269360030CC46 /* libxml2.2.dylib in Frameworks */ = {isa = PBXBuildFile; fileRef = 97DD142C173269360030CC46 /* libxml2.2.dylib */; };
		97DD142F173269830030CC46 /* SystemConfiguration.framework in Frameworks */ = {isa = PBXBuildFile; fileRef = 97DD142E173269830030CC46 /* SystemConfiguration.framework */; };
		97DD1431173269980030CC46 /* MobileCoreServices.framework in Frameworks */ = {isa = PBXBuildFile; fileRef = 97DD1430173269980030CC46 /* MobileCoreServices.framework */; };
		97DD1433173269AA0030CC46 /* libz.dylib in Frameworks */ = {isa = PBXBuildFile; fileRef = 97DD1432173269AA0030CC46 /* libz.dylib */; };
/* End PBXBuildFile section */

/* Begin PBXContainerItemProxy section */
		97216A87172D08830002F022 /* PBXContainerItemProxy */ = {
			isa = PBXContainerItemProxy;
			containerPortal = 97216A51172D08830002F022 /* Project object */;
			proxyType = 1;
			remoteGlobalIDString = 97216A58172D08830002F022;
			remoteInfo = TEST2;
		};
/* End PBXContainerItemProxy section */

/* Begin PBXFileReference section */
		890E3BDE1764B063009E76E6 /* ViewController3.h */ = {isa = PBXFileReference; fileEncoding = 4; lastKnownFileType = sourcecode.c.h; path = ViewController3.h; sourceTree = "<group>"; };
		890E3BDF1764B063009E76E6 /* ViewController3.m */ = {isa = PBXFileReference; fileEncoding = 4; lastKnownFileType = sourcecode.c.objc; path = ViewController3.m; sourceTree = "<group>"; };
		890E3BE01764B063009E76E6 /* ViewController3.xib */ = {isa = PBXFileReference; fileEncoding = 4; lastKnownFileType = file.xib; path = ViewController3.xib; sourceTree = "<group>"; };
		8932CE6B1768551100FA1D2F /* tab1_off.png */ = {isa = PBXFileReference; lastKnownFileType = image.png; path = tab1_off.png; sourceTree = "<group>"; };
		8932CE6C1768551100FA1D2F /* tab1_off@2x.png */ = {isa = PBXFileReference; lastKnownFileType = image.png; path = "tab1_off@2x.png"; sourceTree = "<group>"; };
		8932CE6D1768551100FA1D2F /* tab1_on.png */ = {isa = PBXFileReference; lastKnownFileType = image.png; path = tab1_on.png; sourceTree = "<group>"; };
		8932CE6E1768551100FA1D2F /* tab1_on@2x.png */ = {isa = PBXFileReference; lastKnownFileType = image.png; path = "tab1_on@2x.png"; sourceTree = "<group>"; };
		8932CE6F1768551100FA1D2F /* tab2_off.png */ = {isa = PBXFileReference; lastKnownFileType = image.png; path = tab2_off.png; sourceTree = "<group>"; };
		8932CE701768551100FA1D2F /* tab2_off@2x.png */ = {isa = PBXFileReference; lastKnownFileType = image.png; path = "tab2_off@2x.png"; sourceTree = "<group>"; };
		8932CE711768551100FA1D2F /* tab2_on.png */ = {isa = PBXFileReference; lastKnownFileType = image.png; path = tab2_on.png; sourceTree = "<group>"; };
		8932CE721768551100FA1D2F /* tab2_on@2x.png */ = {isa = PBXFileReference; lastKnownFileType = image.png; path = "tab2_on@2x.png"; sourceTree = "<group>"; };
		8932CE731768551100FA1D2F /* tab3_off.png */ = {isa = PBXFileReference; lastKnownFileType = image.png; path = tab3_off.png; sourceTree = "<group>"; };
		8932CE741768551100FA1D2F /* tab3_off@2x.png */ = {isa = PBXFileReference; lastKnownFileType = image.png; path = "tab3_off@2x.png"; sourceTree = "<group>"; };
		8932CE751768551100FA1D2F /* tab3_on.png */ = {isa = PBXFileReference; lastKnownFileType = image.png; path = tab3_on.png; sourceTree = "<group>"; };
		8932CE761768551100FA1D2F /* tab3_on@2x.png */ = {isa = PBXFileReference; lastKnownFileType = image.png; path = "tab3_on@2x.png"; sourceTree = "<group>"; };
		8932CE8F17685F2500FA1D2F /* tableSectionBar.h */ = {isa = PBXFileReference; fileEncoding = 4; lastKnownFileType = sourcecode.c.h; path = tableSectionBar.h; sourceTree = SOURCE_ROOT; };
		8932CE9017685F2500FA1D2F /* tableSectionBar.m */ = {isa = PBXFileReference; fileEncoding = 4; lastKnownFileType = sourcecode.c.objc; path = tableSectionBar.m; sourceTree = SOURCE_ROOT; };
		8935CA6C1761D53100A07174 /* MarsCell.h */ = {isa = PBXFileReference; fileEncoding = 4; lastKnownFileType = sourcecode.c.h; path = MarsCell.h; sourceTree = "<group>"; };
		8935CA6D1761D53100A07174 /* MarsCell.m */ = {isa = PBXFileReference; fileEncoding = 4; lastKnownFileType = sourcecode.c.objc; path = MarsCell.m; sourceTree = "<group>"; };
		89500D1F175F6BAC0087C6D0 /* ViewController2.h */ = {isa = PBXFileReference; fileEncoding = 4; lastKnownFileType = sourcecode.c.h; path = ViewController2.h; sourceTree = "<group>"; };
		89500D20175F6BAC0087C6D0 /* ViewController2.m */ = {isa = PBXFileReference; fileEncoding = 4; lastKnownFileType = sourcecode.c.objc; path = ViewController2.m; sourceTree = "<group>"; };
		89500D21175F6BAC0087C6D0 /* ViewController2.xib */ = {isa = PBXFileReference; fileEncoding = 4; lastKnownFileType = file.xib; path = ViewController2.xib; sourceTree = "<group>"; };
		8954145A17588E4000CF0D3B /* happy.png */ = {isa = PBXFileReference; lastKnownFileType = image.png; path = happy.png; sourceTree = "<group>"; };
		8954145B17588E4000CF0D3B /* redhat_games.png */ = {isa = PBXFileReference; lastKnownFileType = image.png; path = redhat_games.png; sourceTree = "<group>"; };
		8954145C17588E4000CF0D3B /* sleeping_santaclaus.png */ = {isa = PBXFileReference; lastKnownFileType = image.png; path = sleeping_santaclaus.png; sourceTree = "<group>"; };
		89541465175896B700CF0D3B /* face_monkey.png */ = {isa = PBXFileReference; lastKnownFileType = image.png; path = face_monkey.png; sourceTree = "<group>"; };
		8954146817589C8000CF0D3B /* tsitter_square_sleeping.png */ = {isa = PBXFileReference; lastKnownFileType = image.png; path = tsitter_square_sleeping.png; sourceTree = "<group>"; };
		8954146B175B18E600CF0D3B /* China@2x.png */ = {isa = PBXFileReference; lastKnownFileType = image.png; path = "China@2x.png"; sourceTree = "<group>"; };
		8954146D175B190600CF0D3B /* England@2x.png */ = {isa = PBXFileReference; lastKnownFileType = image.png; path = "England@2x.png"; sourceTree = "<group>"; };
		8954146F175B191200CF0D3B /* Italy@2x.png */ = {isa = PBXFileReference; lastKnownFileType = image.png; path = "Italy@2x.png"; sourceTree = "<group>"; };
		89541471175B191B00CF0D3B /* Japan@2x.png */ = {isa = PBXFileReference; lastKnownFileType = image.png; path = "Japan@2x.png"; sourceTree = "<group>"; };
		89541473175B192800CF0D3B /* France@2x.png */ = {isa = PBXFileReference; lastKnownFileType = image.png; path = "France@2x.png"; sourceTree = "<group>"; };
		89541475175B193900CF0D3B /* Germany@2x.png */ = {isa = PBXFileReference; lastKnownFileType = image.png; path = "Germany@2x.png"; sourceTree = "<group>"; };
		8960F7F5176205FB001CC8DC /* MarsCell.xib */ = {isa = PBXFileReference; fileEncoding = 4; lastKnownFileType = file.xib; path = MarsCell.xib; sourceTree = "<group>"; };
		8969090F1762090300257246 /* DuduCell.xib */ = {isa = PBXFileReference; fileEncoding = 4; lastKnownFileType = file.xib; path = DuduCell.xib; sourceTree = "<group>"; };
		896909111762091B00257246 /* DuduCell.h */ = {isa = PBXFileReference; fileEncoding = 4; lastKnownFileType = sourcecode.c.h; path = DuduCell.h; sourceTree = "<group>"; };
		896909121762091B00257246 /* DuduCell.m */ = {isa = PBXFileReference; fileEncoding = 4; lastKnownFileType = sourcecode.c.objc; path = DuduCell.m; sourceTree = "<group>"; };
		8969091417620F1100257246 /* left_white@2x.png */ = {isa = PBXFileReference; lastKnownFileType = image.png; path = "left_white@2x.png"; sourceTree = "<group>"; };
		89690916176222DE00257246 /* photo_down@2x.png */ = {isa = PBXFileReference; lastKnownFileType = image.png; path = "photo_down@2x.png"; sourceTree = "<group>"; };
		897B9CC61769BB1A00C21983 /* QuartzCore.framework */ = {isa = PBXFileReference; lastKnownFileType = wrapper.framework; name = QuartzCore.framework; path = System/Library/Frameworks/QuartzCore.framework; sourceTree = SDKROOT; };
		89AAEDCC1760D5F800EA2EB9 /* photo_bac@2x.png */ = {isa = PBXFileReference; lastKnownFileType = image.png; path = "photo_bac@2x.png"; sourceTree = "<group>"; };
		97216A59172D08830002F022 /* TEST2.app */ = {isa = PBXFileReference; explicitFileType = wrapper.application; includeInIndex = 0; path = TEST2.app; sourceTree = BUILT_PRODUCTS_DIR; };
		97216A5C172D08830002F022 /* UIKit.framework */ = {isa = PBXFileReference; lastKnownFileType = wrapper.framework; name = UIKit.framework; path = System/Library/Frameworks/UIKit.framework; sourceTree = SDKROOT; };
		97216A5E172D08830002F022 /* Foundation.framework */ = {isa = PBXFileReference; lastKnownFileType = wrapper.framework; name = Foundation.framework; path = System/Library/Frameworks/Foundation.framework; sourceTree = SDKROOT; };
		97216A60172D08830002F022 /* CoreGraphics.framework */ = {isa = PBXFileReference; lastKnownFileType = wrapper.framework; name = CoreGraphics.framework; path = System/Library/Frameworks/CoreGraphics.framework; sourceTree = SDKROOT; };
		97216A64172D08830002F022 /* TEST2-Info.plist */ = {isa = PBXFileReference; lastKnownFileType = text.plist.xml; path = "TEST2-Info.plist"; sourceTree = "<group>"; };
		97216A66172D08830002F022 /* en */ = {isa = PBXFileReference; lastKnownFileType = text.plist.strings; name = en; path = en.lproj/InfoPlist.strings; sourceTree = "<group>"; };
		97216A68172D08830002F022 /* main.m */ = {isa = PBXFileReference; lastKnownFileType = sourcecode.c.objc; path = main.m; sourceTree = "<group>"; };
		97216A6A172D08830002F022 /* TEST2-Prefix.pch */ = {isa = PBXFileReference; lastKnownFileType = sourcecode.c.h; path = "TEST2-Prefix.pch"; sourceTree = "<group>"; };
		97216A6B172D08830002F022 /* AppDelegate.h */ = {isa = PBXFileReference; lastKnownFileType = sourcecode.c.h; path = AppDelegate.h; sourceTree = "<group>"; };
		97216A6C172D08830002F022 /* AppDelegate.m */ = {isa = PBXFileReference; lastKnownFileType = sourcecode.c.objc; path = AppDelegate.m; sourceTree = "<group>"; };
		97216A6E172D08830002F022 /* Default.png */ = {isa = PBXFileReference; lastKnownFileType = image.png; path = Default.png; sourceTree = "<group>"; };
		97216A70172D08830002F022 /* Default@2x.png */ = {isa = PBXFileReference; lastKnownFileType = image.png; path = "Default@2x.png"; sourceTree = "<group>"; };
		97216A72172D08830002F022 /* Default-568h@2x.png */ = {isa = PBXFileReference; lastKnownFileType = image.png; path = "Default-568h@2x.png"; sourceTree = "<group>"; };
		97216A75172D08830002F022 /* en */ = {isa = PBXFileReference; lastKnownFileType = file.storyboard; name = en; path = en.lproj/MainStoryboard_iPhone.storyboard; sourceTree = "<group>"; };
		97216A78172D08830002F022 /* en */ = {isa = PBXFileReference; lastKnownFileType = file.storyboard; name = en; path = en.lproj/MainStoryboard_iPad.storyboard; sourceTree = "<group>"; };
		97216A7A172D08830002F022 /* ViewController.h */ = {isa = PBXFileReference; lastKnownFileType = sourcecode.c.h; path = ViewController.h; sourceTree = "<group>"; };
		97216A7B172D08830002F022 /* ViewController.m */ = {isa = PBXFileReference; lastKnownFileType = sourcecode.c.objc; path = ViewController.m; sourceTree = "<group>"; };
		97216A82172D08830002F022 /* TEST2Tests.octest */ = {isa = PBXFileReference; explicitFileType = wrapper.cfbundle; includeInIndex = 0; path = TEST2Tests.octest; sourceTree = BUILT_PRODUCTS_DIR; };
		97216A83172D08830002F022 /* SenTestingKit.framework */ = {isa = PBXFileReference; lastKnownFileType = wrapper.framework; name = SenTestingKit.framework; path = Library/Frameworks/SenTestingKit.framework; sourceTree = DEVELOPER_DIR; };
		97216A8B172D08830002F022 /* TEST2Tests-Info.plist */ = {isa = PBXFileReference; lastKnownFileType = text.plist.xml; path = "TEST2Tests-Info.plist"; sourceTree = "<group>"; };
		97216A8D172D08830002F022 /* en */ = {isa = PBXFileReference; lastKnownFileType = text.plist.strings; name = en; path = en.lproj/InfoPlist.strings; sourceTree = "<group>"; };
		97216A8F172D08830002F022 /* TEST2Tests.h */ = {isa = PBXFileReference; lastKnownFileType = sourcecode.c.h; path = TEST2Tests.h; sourceTree = "<group>"; };
		97216A90172D08830002F022 /* TEST2Tests.m */ = {isa = PBXFileReference; lastKnownFileType = sourcecode.c.objc; path = TEST2Tests.m; sourceTree = "<group>"; };
		97305DEF173353AF00E8C97A /* mars.jpg */ = {isa = PBXFileReference; lastKnownFileType = image.jpeg; path = mars.jpg; sourceTree = "<group>"; };
		976044A31733608A0013E532 /* 123.png */ = {isa = PBXFileReference; lastKnownFileType = image.png; path = 123.png; sourceTree = "<group>"; };
		97DD13AC1732648E0030CC46 /* README-GHUnit */ = {isa = PBXFileReference; fileEncoding = 4; lastKnownFileType = text; path = "README-GHUnit"; sourceTree = "<group>"; };
		97DD13AE1732648E0030CC46 /* Reachability.h */ = {isa = PBXFileReference; fileEncoding = 4; lastKnownFileType = sourcecode.c.h; path = Reachability.h; sourceTree = "<group>"; };
		97DD13AF1732648E0030CC46 /* Reachability.m */ = {isa = PBXFileReference; fileEncoding = 4; lastKnownFileType = sourcecode.c.objc; path = Reachability.m; sourceTree = "<group>"; };
		97DD13B3173264FD0030CC46 /* ASIAuthenticationDialog.h */ = {isa = PBXFileReference; fileEncoding = 4; lastKnownFileType = sourcecode.c.h; path = ASIAuthenticationDialog.h; sourceTree = "<group>"; };
		97DD13B4173264FD0030CC46 /* ASIAuthenticationDialog.m */ = {isa = PBXFileReference; fileEncoding = 4; lastKnownFileType = sourcecode.c.objc; path = ASIAuthenticationDialog.m; sourceTree = "<group>"; };
		97DD13B5173264FD0030CC46 /* ASICacheDelegate.h */ = {isa = PBXFileReference; fileEncoding = 4; lastKnownFileType = sourcecode.c.h; path = ASICacheDelegate.h; sourceTree = "<group>"; };
		97DD13B6173264FD0030CC46 /* ASIDataCompressor.h */ = {isa = PBXFileReference; fileEncoding = 4; lastKnownFileType = sourcecode.c.h; path = ASIDataCompressor.h; sourceTree = "<group>"; };
		97DD13B7173264FD0030CC46 /* ASIDataCompressor.m */ = {isa = PBXFileReference; fileEncoding = 4; lastKnownFileType = sourcecode.c.objc; path = ASIDataCompressor.m; sourceTree = "<group>"; };
		97DD13B8173264FD0030CC46 /* ASIDataDecompressor.h */ = {isa = PBXFileReference; fileEncoding = 4; lastKnownFileType = sourcecode.c.h; path = ASIDataDecompressor.h; sourceTree = "<group>"; };
		97DD13B9173264FD0030CC46 /* ASIDataDecompressor.m */ = {isa = PBXFileReference; fileEncoding = 4; lastKnownFileType = sourcecode.c.objc; path = ASIDataDecompressor.m; sourceTree = "<group>"; };
		97DD13BA173264FD0030CC46 /* ASIDownloadCache.h */ = {isa = PBXFileReference; fileEncoding = 4; lastKnownFileType = sourcecode.c.h; path = ASIDownloadCache.h; sourceTree = "<group>"; };
		97DD13BB173264FD0030CC46 /* ASIDownloadCache.m */ = {isa = PBXFileReference; fileEncoding = 4; lastKnownFileType = sourcecode.c.objc; path = ASIDownloadCache.m; sourceTree = "<group>"; };
		97DD13BC173264FD0030CC46 /* ASIFormDataRequest.h */ = {isa = PBXFileReference; fileEncoding = 4; lastKnownFileType = sourcecode.c.h; path = ASIFormDataRequest.h; sourceTree = "<group>"; };
		97DD13BD173264FD0030CC46 /* ASIFormDataRequest.m */ = {isa = PBXFileReference; fileEncoding = 4; lastKnownFileType = sourcecode.c.objc; path = ASIFormDataRequest.m; sourceTree = "<group>"; };
		97DD13BE173264FD0030CC46 /* ASIHTTPRequest.h */ = {isa = PBXFileReference; fileEncoding = 4; lastKnownFileType = sourcecode.c.h; path = ASIHTTPRequest.h; sourceTree = "<group>"; };
		97DD13BF173264FD0030CC46 /* ASIHTTPRequest.m */ = {isa = PBXFileReference; fileEncoding = 4; lastKnownFileType = sourcecode.c.objc; path = ASIHTTPRequest.m; sourceTree = "<group>"; };
		97DD13C0173264FD0030CC46 /* ASIHTTPRequestConfig.h */ = {isa = PBXFileReference; fileEncoding = 4; lastKnownFileType = sourcecode.c.h; path = ASIHTTPRequestConfig.h; sourceTree = "<group>"; };
		97DD13C1173264FD0030CC46 /* ASIHTTPRequestDelegate.h */ = {isa = PBXFileReference; fileEncoding = 4; lastKnownFileType = sourcecode.c.h; path = ASIHTTPRequestDelegate.h; sourceTree = "<group>"; };
		97DD13C2173264FD0030CC46 /* ASIInputStream.h */ = {isa = PBXFileReference; fileEncoding = 4; lastKnownFileType = sourcecode.c.h; path = ASIInputStream.h; sourceTree = "<group>"; };
		97DD13C3173264FD0030CC46 /* ASIInputStream.m */ = {isa = PBXFileReference; fileEncoding = 4; lastKnownFileType = sourcecode.c.objc; path = ASIInputStream.m; sourceTree = "<group>"; };
		97DD13C4173264FD0030CC46 /* ASINetworkQueue.h */ = {isa = PBXFileReference; fileEncoding = 4; lastKnownFileType = sourcecode.c.h; path = ASINetworkQueue.h; sourceTree = "<group>"; };
		97DD13C5173264FD0030CC46 /* ASINetworkQueue.m */ = {isa = PBXFileReference; fileEncoding = 4; lastKnownFileType = sourcecode.c.objc; path = ASINetworkQueue.m; sourceTree = "<group>"; };
		97DD13C6173264FD0030CC46 /* ASIProgressDelegate.h */ = {isa = PBXFileReference; fileEncoding = 4; lastKnownFileType = sourcecode.c.h; path = ASIProgressDelegate.h; sourceTree = "<group>"; };
		97DD13C8173264FD0030CC46 /* ASIWebPageRequest.h */ = {isa = PBXFileReference; fileEncoding = 4; lastKnownFileType = sourcecode.c.h; path = ASIWebPageRequest.h; sourceTree = "<group>"; };
		97DD13C9173264FD0030CC46 /* ASIWebPageRequest.m */ = {isa = PBXFileReference; fileEncoding = 4; lastKnownFileType = sourcecode.c.objc; path = ASIWebPageRequest.m; sourceTree = "<group>"; };
		97DD13CB173264FD0030CC46 /* ASICloudFilesCDNRequest.h */ = {isa = PBXFileReference; fileEncoding = 4; lastKnownFileType = sourcecode.c.h; path = ASICloudFilesCDNRequest.h; sourceTree = "<group>"; };
		97DD13CC173264FD0030CC46 /* ASICloudFilesCDNRequest.m */ = {isa = PBXFileReference; fileEncoding = 4; lastKnownFileType = sourcecode.c.objc; path = ASICloudFilesCDNRequest.m; sourceTree = "<group>"; };
		97DD13CD173264FD0030CC46 /* ASICloudFilesContainer.h */ = {isa = PBXFileReference; fileEncoding = 4; lastKnownFileType = sourcecode.c.h; path = ASICloudFilesContainer.h; sourceTree = "<group>"; };
		97DD13CE173264FD0030CC46 /* ASICloudFilesContainer.m */ = {isa = PBXFileReference; fileEncoding = 4; lastKnownFileType = sourcecode.c.objc; path = ASICloudFilesContainer.m; sourceTree = "<group>"; };
		97DD13CF173264FD0030CC46 /* ASICloudFilesContainerRequest.h */ = {isa = PBXFileReference; fileEncoding = 4; lastKnownFileType = sourcecode.c.h; path = ASICloudFilesContainerRequest.h; sourceTree = "<group>"; };
		97DD13D0173264FD0030CC46 /* ASICloudFilesContainerRequest.m */ = {isa = PBXFileReference; fileEncoding = 4; lastKnownFileType = sourcecode.c.objc; path = ASICloudFilesContainerRequest.m; sourceTree = "<group>"; };
		97DD13D1173264FD0030CC46 /* ASICloudFilesContainerXMLParserDelegate.h */ = {isa = PBXFileReference; fileEncoding = 4; lastKnownFileType = sourcecode.c.h; path = ASICloudFilesContainerXMLParserDelegate.h; sourceTree = "<group>"; };
		97DD13D2173264FD0030CC46 /* ASICloudFilesContainerXMLParserDelegate.m */ = {isa = PBXFileReference; fileEncoding = 4; lastKnownFileType = sourcecode.c.objc; path = ASICloudFilesContainerXMLParserDelegate.m; sourceTree = "<group>"; };
		97DD13D3173264FD0030CC46 /* ASICloudFilesObject.h */ = {isa = PBXFileReference; fileEncoding = 4; lastKnownFileType = sourcecode.c.h; path = ASICloudFilesObject.h; sourceTree = "<group>"; };
		97DD13D4173264FD0030CC46 /* ASICloudFilesObject.m */ = {isa = PBXFileReference; fileEncoding = 4; lastKnownFileType = sourcecode.c.objc; path = ASICloudFilesObject.m; sourceTree = "<group>"; };
		97DD13D5173264FD0030CC46 /* ASICloudFilesObjectRequest.h */ = {isa = PBXFileReference; fileEncoding = 4; lastKnownFileType = sourcecode.c.h; path = ASICloudFilesObjectRequest.h; sourceTree = "<group>"; };
		97DD13D6173264FD0030CC46 /* ASICloudFilesObjectRequest.m */ = {isa = PBXFileReference; fileEncoding = 4; lastKnownFileType = sourcecode.c.objc; path = ASICloudFilesObjectRequest.m; sourceTree = "<group>"; };
		97DD13D7173264FD0030CC46 /* ASICloudFilesRequest.h */ = {isa = PBXFileReference; fileEncoding = 4; lastKnownFileType = sourcecode.c.h; path = ASICloudFilesRequest.h; sourceTree = "<group>"; };
		97DD13D8173264FD0030CC46 /* ASICloudFilesRequest.m */ = {isa = PBXFileReference; fileEncoding = 4; lastKnownFileType = sourcecode.c.objc; path = ASICloudFilesRequest.m; sourceTree = "<group>"; };
		97DD13DA173264FD0030CC46 /* ASINSXMLParserCompat.h */ = {isa = PBXFileReference; fileEncoding = 4; lastKnownFileType = sourcecode.c.h; path = ASINSXMLParserCompat.h; sourceTree = "<group>"; };
		97DD13DB173264FD0030CC46 /* ASIS3Bucket.h */ = {isa = PBXFileReference; fileEncoding = 4; lastKnownFileType = sourcecode.c.h; path = ASIS3Bucket.h; sourceTree = "<group>"; };
		97DD13DC173264FD0030CC46 /* ASIS3Bucket.m */ = {isa = PBXFileReference; fileEncoding = 4; lastKnownFileType = sourcecode.c.objc; path = ASIS3Bucket.m; sourceTree = "<group>"; };
		97DD13DD173264FD0030CC46 /* ASIS3BucketObject.h */ = {isa = PBXFileReference; fileEncoding = 4; lastKnownFileType = sourcecode.c.h; path = ASIS3BucketObject.h; sourceTree = "<group>"; };
		97DD13DE173264FD0030CC46 /* ASIS3BucketObject.m */ = {isa = PBXFileReference; fileEncoding = 4; lastKnownFileType = sourcecode.c.objc; path = ASIS3BucketObject.m; sourceTree = "<group>"; };
		97DD13DF173264FD0030CC46 /* ASIS3BucketRequest.h */ = {isa = PBXFileReference; fileEncoding = 4; lastKnownFileType = sourcecode.c.h; path = ASIS3BucketRequest.h; sourceTree = "<group>"; };
		97DD13E0173264FD0030CC46 /* ASIS3BucketRequest.m */ = {isa = PBXFileReference; fileEncoding = 4; lastKnownFileType = sourcecode.c.objc; path = ASIS3BucketRequest.m; sourceTree = "<group>"; };
		97DD13E1173264FD0030CC46 /* ASIS3ObjectRequest.h */ = {isa = PBXFileReference; fileEncoding = 4; lastKnownFileType = sourcecode.c.h; path = ASIS3ObjectRequest.h; sourceTree = "<group>"; };
		97DD13E2173264FD0030CC46 /* ASIS3ObjectRequest.m */ = {isa = PBXFileReference; fileEncoding = 4; lastKnownFileType = sourcecode.c.objc; path = ASIS3ObjectRequest.m; sourceTree = "<group>"; };
		97DD13E3173264FD0030CC46 /* ASIS3Request.h */ = {isa = PBXFileReference; fileEncoding = 4; lastKnownFileType = sourcecode.c.h; path = ASIS3Request.h; sourceTree = "<group>"; };
		97DD13E4173264FD0030CC46 /* ASIS3Request.m */ = {isa = PBXFileReference; fileEncoding = 4; lastKnownFileType = sourcecode.c.objc; path = ASIS3Request.m; sourceTree = "<group>"; };
		97DD13E5173264FD0030CC46 /* ASIS3ServiceRequest.h */ = {isa = PBXFileReference; fileEncoding = 4; lastKnownFileType = sourcecode.c.h; path = ASIS3ServiceRequest.h; sourceTree = "<group>"; };
		97DD13E6173264FD0030CC46 /* ASIS3ServiceRequest.m */ = {isa = PBXFileReference; fileEncoding = 4; lastKnownFileType = sourcecode.c.objc; path = ASIS3ServiceRequest.m; sourceTree = "<group>"; };
		97DD142A173268FA0030CC46 /* CFNetwork.framework */ = {isa = PBXFileReference; lastKnownFileType = wrapper.framework; name = CFNetwork.framework; path = System/Library/Frameworks/CFNetwork.framework; sourceTree = SDKROOT; };
		97DD142C173269360030CC46 /* libxml2.2.dylib */ = {isa = PBXFileReference; lastKnownFileType = "compiled.mach-o.dylib"; name = libxml2.2.dylib; path = usr/lib/libxml2.2.dylib; sourceTree = SDKROOT; };
		97DD142E173269830030CC46 /* SystemConfiguration.framework */ = {isa = PBXFileReference; lastKnownFileType = wrapper.framework; name = SystemConfiguration.framework; path = System/Library/Frameworks/SystemConfiguration.framework; sourceTree = SDKROOT; };
		97DD1430173269980030CC46 /* MobileCoreServices.framework */ = {isa = PBXFileReference; lastKnownFileType = wrapper.framework; name = MobileCoreServices.framework; path = System/Library/Frameworks/MobileCoreServices.framework; sourceTree = SDKROOT; };
		97DD1432173269AA0030CC46 /* libz.dylib */ = {isa = PBXFileReference; lastKnownFileType = "compiled.mach-o.dylib"; name = libz.dylib; path = usr/lib/libz.dylib; sourceTree = SDKROOT; };
/* End PBXFileReference section */

/* Begin PBXFrameworksBuildPhase section */
		97216A56172D08830002F022 /* Frameworks */ = {
			isa = PBXFrameworksBuildPhase;
			buildActionMask = 2147483647;
			files = (
				897B9CC71769BB1A00C21983 /* QuartzCore.framework in Frameworks */,
				97DD1433173269AA0030CC46 /* libz.dylib in Frameworks */,
				97DD1431173269980030CC46 /* MobileCoreServices.framework in Frameworks */,
				97DD142F173269830030CC46 /* SystemConfiguration.framework in Frameworks */,
				97DD142D173269360030CC46 /* libxml2.2.dylib in Frameworks */,
				97DD142B173268FA0030CC46 /* CFNetwork.framework in Frameworks */,
				97216A5D172D08830002F022 /* UIKit.framework in Frameworks */,
				97216A5F172D08830002F022 /* Foundation.framework in Frameworks */,
				97216A61172D08830002F022 /* CoreGraphics.framework in Frameworks */,
			);
			runOnlyForDeploymentPostprocessing = 0;
		};
		97216A7E172D08830002F022 /* Frameworks */ = {
			isa = PBXFrameworksBuildPhase;
			buildActionMask = 2147483647;
			files = (
				97216A84172D08830002F022 /* SenTestingKit.framework in Frameworks */,
				97216A85172D08830002F022 /* UIKit.framework in Frameworks */,
				97216A86172D08830002F022 /* Foundation.framework in Frameworks */,
			);
			runOnlyForDeploymentPostprocessing = 0;
		};
/* End PBXFrameworksBuildPhase section */

/* Begin PBXGroup section */
		8954143C17587DFA00CF0D3B /* img */ = {
			isa = PBXGroup;
			children = (
				89541475175B193900CF0D3B /* Germany@2x.png */,
				89541473175B192800CF0D3B /* France@2x.png */,
				89541471175B191B00CF0D3B /* Japan@2x.png */,
				8954146B175B18E600CF0D3B /* China@2x.png */,
				8954146D175B190600CF0D3B /* England@2x.png */,
				8954146F175B191200CF0D3B /* Italy@2x.png */,
				8954146817589C8000CF0D3B /* tsitter_square_sleeping.png */,
				89541465175896B700CF0D3B /* face_monkey.png */,
				8954145A17588E4000CF0D3B /* happy.png */,
				8954145B17588E4000CF0D3B /* redhat_games.png */,
				8954145C17588E4000CF0D3B /* sleeping_santaclaus.png */,
			);
			name = img;
			sourceTree = "<group>";
		};
		97216A50172D08830002F022 = {
			isa = PBXGroup;
			children = (
				97DD13B2173264FD0030CC46 /* Classes */,
				97DD13AA1732648E0030CC46 /* External */,
				97216A62172D08830002F022 /* TEST2 */,
				97216A89172D08830002F022 /* TEST2Tests */,
				97216A5B172D08830002F022 /* Frameworks */,
				97216A5A172D08830002F022 /* Products */,
			);
			sourceTree = "<group>";
		};
		97216A5A172D08830002F022 /* Products */ = {
			isa = PBXGroup;
			children = (
				97216A59172D08830002F022 /* TEST2.app */,
				97216A82172D08830002F022 /* TEST2Tests.octest */,
			);
			name = Products;
			sourceTree = "<group>";
		};
		97216A5B172D08830002F022 /* Frameworks */ = {
			isa = PBXGroup;
			children = (
				97DD1432173269AA0030CC46 /* libz.dylib */,
				97DD142C173269360030CC46 /* libxml2.2.dylib */,
				97DD1430173269980030CC46 /* MobileCoreServices.framework */,
				97DD142E173269830030CC46 /* SystemConfiguration.framework */,
				97DD142A173268FA0030CC46 /* CFNetwork.framework */,
				97216A5C172D08830002F022 /* UIKit.framework */,
				97216A5E172D08830002F022 /* Foundation.framework */,
				97216A60172D08830002F022 /* CoreGraphics.framework */,
				97216A83172D08830002F022 /* SenTestingKit.framework */,
				897B9CC61769BB1A00C21983 /* QuartzCore.framework */,
			);
			name = Frameworks;
			sourceTree = "<group>";
		};
		97216A62172D08830002F022 /* TEST2 */ = {
			isa = PBXGroup;
			children = (
				97216A6B172D08830002F022 /* AppDelegate.h */,
				97216A6C172D08830002F022 /* AppDelegate.m */,
				97216A74172D08830002F022 /* MainStoryboard_iPhone.storyboard */,
				97216A77172D08830002F022 /* MainStoryboard_iPad.storyboard */,
				97216A7A172D08830002F022 /* ViewController.h */,
				97216A7B172D08830002F022 /* ViewController.m */,
				89500D1F175F6BAC0087C6D0 /* ViewController2.h */,
				89500D20175F6BAC0087C6D0 /* ViewController2.m */,
				89500D21175F6BAC0087C6D0 /* ViewController2.xib */,
				890E3BDE1764B063009E76E6 /* ViewController3.h */,
				890E3BDF1764B063009E76E6 /* ViewController3.m */,
				890E3BE01764B063009E76E6 /* ViewController3.xib */,
				8932CE8F17685F2500FA1D2F /* tableSectionBar.h */,
				8932CE9017685F2500FA1D2F /* tableSectionBar.m */,
				8960F7F5176205FB001CC8DC /* MarsCell.xib */,
				8935CA6C1761D53100A07174 /* MarsCell.h */,
				8935CA6D1761D53100A07174 /* MarsCell.m */,
				896909111762091B00257246 /* DuduCell.h */,
				896909121762091B00257246 /* DuduCell.m */,
				8969090F1762090300257246 /* DuduCell.xib */,
				8932CE6B1768551100FA1D2F /* tab1_off.png */,
				8932CE6C1768551100FA1D2F /* tab1_off@2x.png */,
				8932CE6D1768551100FA1D2F /* tab1_on.png */,
				8932CE6E1768551100FA1D2F /* tab1_on@2x.png */,
				8932CE6F1768551100FA1D2F /* tab2_off.png */,
				8932CE701768551100FA1D2F /* tab2_off@2x.png */,
				8932CE711768551100FA1D2F /* tab2_on.png */,
				8932CE721768551100FA1D2F /* tab2_on@2x.png */,
				8932CE731768551100FA1D2F /* tab3_off.png */,
				8932CE741768551100FA1D2F /* tab3_off@2x.png */,
				8932CE751768551100FA1D2F /* tab3_on.png */,
				8932CE761768551100FA1D2F /* tab3_on@2x.png */,
				89690916176222DE00257246 /* photo_down@2x.png */,
				8969091417620F1100257246 /* left_white@2x.png */,
				976044A31733608A0013E532 /* 123.png */,
				97305DEF173353AF00E8C97A /* mars.jpg */,
				89AAEDCC1760D5F800EA2EB9 /* photo_bac@2x.png */,
				97216A63172D08830002F022 /* Supporting Files */,
			);
			path = TEST2;
			sourceTree = "<group>";
		};
		97216A63172D08830002F022 /* Supporting Files */ = {
			isa = PBXGroup;
			children = (
				8954143C17587DFA00CF0D3B /* img */,
				97216A64172D08830002F022 /* TEST2-Info.plist */,
				97216A65172D08830002F022 /* InfoPlist.strings */,
				97216A68172D08830002F022 /* main.m */,
				97216A6A172D08830002F022 /* TEST2-Prefix.pch */,
				97216A6E172D08830002F022 /* Default.png */,
				97216A70172D08830002F022 /* Default@2x.png */,
				97216A72172D08830002F022 /* Default-568h@2x.png */,
			);
			name = "Supporting Files";
			sourceTree = "<group>";
		};
		97216A89172D08830002F022 /* TEST2Tests */ = {
			isa = PBXGroup;
			children = (
				97216A8F172D08830002F022 /* TEST2Tests.h */,
				97216A90172D08830002F022 /* TEST2Tests.m */,
				97216A8A172D08830002F022 /* Supporting Files */,
			);
			path = TEST2Tests;
			sourceTree = "<group>";
		};
		97216A8A172D08830002F022 /* Supporting Files */ = {
			isa = PBXGroup;
			children = (
				97216A8B172D08830002F022 /* TEST2Tests-Info.plist */,
				97216A8C172D08830002F022 /* InfoPlist.strings */,
			);
			name = "Supporting Files";
			sourceTree = "<group>";
		};
		97DD13AA1732648E0030CC46 /* External */ = {
			isa = PBXGroup;
			children = (
				97DD13AB1732648E0030CC46 /* GHUnit */,
				97DD13AD1732648E0030CC46 /* Reachability */,
			);
			path = External;
			sourceTree = "<group>";
		};
		97DD13AB1732648E0030CC46 /* GHUnit */ = {
			isa = PBXGroup;
			children = (
				97DD13AC1732648E0030CC46 /* README-GHUnit */,
			);
			path = GHUnit;
			sourceTree = "<group>";
		};
		97DD13AD1732648E0030CC46 /* Reachability */ = {
			isa = PBXGroup;
			children = (
				97DD13AE1732648E0030CC46 /* Reachability.h */,
				97DD13AF1732648E0030CC46 /* Reachability.m */,
			);
			path = Reachability;
			sourceTree = "<group>";
		};
		97DD13B2173264FD0030CC46 /* Classes */ = {
			isa = PBXGroup;
			children = (
				97DD13B3173264FD0030CC46 /* ASIAuthenticationDialog.h */,
				97DD13B4173264FD0030CC46 /* ASIAuthenticationDialog.m */,
				97DD13B5173264FD0030CC46 /* ASICacheDelegate.h */,
				97DD13B6173264FD0030CC46 /* ASIDataCompressor.h */,
				97DD13B7173264FD0030CC46 /* ASIDataCompressor.m */,
				97DD13B8173264FD0030CC46 /* ASIDataDecompressor.h */,
				97DD13B9173264FD0030CC46 /* ASIDataDecompressor.m */,
				97DD13BA173264FD0030CC46 /* ASIDownloadCache.h */,
				97DD13BB173264FD0030CC46 /* ASIDownloadCache.m */,
				97DD13BC173264FD0030CC46 /* ASIFormDataRequest.h */,
				97DD13BD173264FD0030CC46 /* ASIFormDataRequest.m */,
				97DD13BE173264FD0030CC46 /* ASIHTTPRequest.h */,
				97DD13BF173264FD0030CC46 /* ASIHTTPRequest.m */,
				97DD13C0173264FD0030CC46 /* ASIHTTPRequestConfig.h */,
				97DD13C1173264FD0030CC46 /* ASIHTTPRequestDelegate.h */,
				97DD13C2173264FD0030CC46 /* ASIInputStream.h */,
				97DD13C3173264FD0030CC46 /* ASIInputStream.m */,
				97DD13C4173264FD0030CC46 /* ASINetworkQueue.h */,
				97DD13C5173264FD0030CC46 /* ASINetworkQueue.m */,
				97DD13C6173264FD0030CC46 /* ASIProgressDelegate.h */,
				97DD13C7173264FD0030CC46 /* ASIWebPageRequest */,
				97DD13CA173264FD0030CC46 /* CloudFiles */,
				97DD13D9173264FD0030CC46 /* S3 */,
			);
			path = Classes;
			sourceTree = "<group>";
		};
		97DD13C7173264FD0030CC46 /* ASIWebPageRequest */ = {
			isa = PBXGroup;
			children = (
				97DD13C8173264FD0030CC46 /* ASIWebPageRequest.h */,
				97DD13C9173264FD0030CC46 /* ASIWebPageRequest.m */,
			);
			path = ASIWebPageRequest;
			sourceTree = "<group>";
		};
		97DD13CA173264FD0030CC46 /* CloudFiles */ = {
			isa = PBXGroup;
			children = (
				97DD13CB173264FD0030CC46 /* ASICloudFilesCDNRequest.h */,
				97DD13CC173264FD0030CC46 /* ASICloudFilesCDNRequest.m */,
				97DD13CD173264FD0030CC46 /* ASICloudFilesContainer.h */,
				97DD13CE173264FD0030CC46 /* ASICloudFilesContainer.m */,
				97DD13CF173264FD0030CC46 /* ASICloudFilesContainerRequest.h */,
				97DD13D0173264FD0030CC46 /* ASICloudFilesContainerRequest.m */,
				97DD13D1173264FD0030CC46 /* ASICloudFilesContainerXMLParserDelegate.h */,
				97DD13D2173264FD0030CC46 /* ASICloudFilesContainerXMLParserDelegate.m */,
				97DD13D3173264FD0030CC46 /* ASICloudFilesObject.h */,
				97DD13D4173264FD0030CC46 /* ASICloudFilesObject.m */,
				97DD13D5173264FD0030CC46 /* ASICloudFilesObjectRequest.h */,
				97DD13D6173264FD0030CC46 /* ASICloudFilesObjectRequest.m */,
				97DD13D7173264FD0030CC46 /* ASICloudFilesRequest.h */,
				97DD13D8173264FD0030CC46 /* ASICloudFilesRequest.m */,
			);
			path = CloudFiles;
			sourceTree = "<group>";
		};
		97DD13D9173264FD0030CC46 /* S3 */ = {
			isa = PBXGroup;
			children = (
				97DD13DA173264FD0030CC46 /* ASINSXMLParserCompat.h */,
				97DD13DB173264FD0030CC46 /* ASIS3Bucket.h */,
				97DD13DC173264FD0030CC46 /* ASIS3Bucket.m */,
				97DD13DD173264FD0030CC46 /* ASIS3BucketObject.h */,
				97DD13DE173264FD0030CC46 /* ASIS3BucketObject.m */,
				97DD13DF173264FD0030CC46 /* ASIS3BucketRequest.h */,
				97DD13E0173264FD0030CC46 /* ASIS3BucketRequest.m */,
				97DD13E1173264FD0030CC46 /* ASIS3ObjectRequest.h */,
				97DD13E2173264FD0030CC46 /* ASIS3ObjectRequest.m */,
				97DD13E3173264FD0030CC46 /* ASIS3Request.h */,
				97DD13E4173264FD0030CC46 /* ASIS3Request.m */,
				97DD13E5173264FD0030CC46 /* ASIS3ServiceRequest.h */,
				97DD13E6173264FD0030CC46 /* ASIS3ServiceRequest.m */,
			);
			path = S3;
			sourceTree = "<group>";
		};
/* End PBXGroup section */

/* Begin PBXNativeTarget section */
		97216A58172D08830002F022 /* TEST2 */ = {
			isa = PBXNativeTarget;
			buildConfigurationList = 97216A94172D08830002F022 /* Build configuration list for PBXNativeTarget "TEST2" */;
			buildPhases = (
				97216A55172D08830002F022 /* Sources */,
				97216A56172D08830002F022 /* Frameworks */,
				97216A57172D08830002F022 /* Resources */,
			);
			buildRules = (
			);
			dependencies = (
			);
			name = TEST2;
			productName = TEST2;
			productReference = 97216A59172D08830002F022 /* TEST2.app */;
			productType = "com.apple.product-type.application";
		};
		97216A81172D08830002F022 /* TEST2Tests */ = {
			isa = PBXNativeTarget;
			buildConfigurationList = 97216A97172D08830002F022 /* Build configuration list for PBXNativeTarget "TEST2Tests" */;
			buildPhases = (
				97216A7D172D08830002F022 /* Sources */,
				97216A7E172D08830002F022 /* Frameworks */,
				97216A7F172D08830002F022 /* Resources */,
				97216A80172D08830002F022 /* ShellScript */,
			);
			buildRules = (
			);
			dependencies = (
				97216A88172D08830002F022 /* PBXTargetDependency */,
			);
			name = TEST2Tests;
			productName = TEST2Tests;
			productReference = 97216A82172D08830002F022 /* TEST2Tests.octest */;
			productType = "com.apple.product-type.bundle";
		};
/* End PBXNativeTarget section */

/* Begin PBXProject section */
		97216A51172D08830002F022 /* Project object */ = {
			isa = PBXProject;
			attributes = {
				LastUpgradeCheck = 0460;
				ORGANIZATIONNAME = "张 炜超";
			};
			buildConfigurationList = 97216A54172D08830002F022 /* Build configuration list for PBXProject "TEST2" */;
			compatibilityVersion = "Xcode 3.2";
			developmentRegion = English;
			hasScannedForEncodings = 0;
			knownRegions = (
				en,
			);
			mainGroup = 97216A50172D08830002F022;
			productRefGroup = 97216A5A172D08830002F022 /* Products */;
			projectDirPath = "";
			projectRoot = "";
			targets = (
				97216A58172D08830002F022 /* TEST2 */,
				97216A81172D08830002F022 /* TEST2Tests */,
			);
		};
/* End PBXProject section */

/* Begin PBXResourcesBuildPhase section */
		97216A57172D08830002F022 /* Resources */ = {
			isa = PBXResourcesBuildPhase;
			buildActionMask = 2147483647;
			files = (
				97216A67172D08830002F022 /* InfoPlist.strings in Resources */,
				97216A6F172D08830002F022 /* Default.png in Resources */,
				97216A71172D08830002F022 /* Default@2x.png in Resources */,
				97216A73172D08830002F022 /* Default-568h@2x.png in Resources */,
				97216A76172D08830002F022 /* MainStoryboard_iPhone.storyboard in Resources */,
				97216A79172D08830002F022 /* MainStoryboard_iPad.storyboard in Resources */,
				97DD13B01732648E0030CC46 /* README-GHUnit in Resources */,
				97305DF0173353AF00E8C97A /* mars.jpg in Resources */,
				976044A41733608A0013E532 /* 123.png in Resources */,
				8954145F17588E4000CF0D3B /* happy.png in Resources */,
				8954146117588E4000CF0D3B /* redhat_games.png in Resources */,
				8954146317588E4000CF0D3B /* sleeping_santaclaus.png in Resources */,
				89541466175896B700CF0D3B /* face_monkey.png in Resources */,
				8954146917589C8100CF0D3B /* tsitter_square_sleeping.png in Resources */,
				8954146C175B18E600CF0D3B /* China@2x.png in Resources */,
				8954146E175B190600CF0D3B /* England@2x.png in Resources */,
				89541470175B191200CF0D3B /* Italy@2x.png in Resources */,
				89541472175B191B00CF0D3B /* Japan@2x.png in Resources */,
				89541474175B192900CF0D3B /* France@2x.png in Resources */,
				89541476175B193900CF0D3B /* Germany@2x.png in Resources */,
				89500D23175F6BAC0087C6D0 /* ViewController2.xib in Resources */,
				89AAEDCD1760D5F800EA2EB9 /* photo_bac@2x.png in Resources */,
				8960F7F6176205FB001CC8DC /* MarsCell.xib in Resources */,
				896909101762090300257246 /* DuduCell.xib in Resources */,
				8969091517620F1100257246 /* left_white@2x.png in Resources */,
				89690917176222DE00257246 /* photo_down@2x.png in Resources */,
				890E3BE21764B063009E76E6 /* ViewController3.xib in Resources */,
				8932CE771768551100FA1D2F /* tab1_off.png in Resources */,
				8932CE791768551100FA1D2F /* tab1_off@2x.png in Resources */,
				8932CE7B1768551100FA1D2F /* tab1_on.png in Resources */,
				8932CE7D1768551100FA1D2F /* tab1_on@2x.png in Resources */,
				8932CE7F1768551100FA1D2F /* tab2_off.png in Resources */,
				8932CE811768551100FA1D2F /* tab2_off@2x.png in Resources */,
				8932CE831768551100FA1D2F /* tab2_on.png in Resources */,
				8932CE851768551100FA1D2F /* tab2_on@2x.png in Resources */,
				8932CE871768551100FA1D2F /* tab3_off.png in Resources */,
				8932CE891768551100FA1D2F /* tab3_off@2x.png in Resources */,
				8932CE8B1768551100FA1D2F /* tab3_on.png in Resources */,
				8932CE8D1768551100FA1D2F /* tab3_on@2x.png in Resources */,
			);
			runOnlyForDeploymentPostprocessing = 0;
		};
		97216A7F172D08830002F022 /* Resources */ = {
			isa = PBXResourcesBuildPhase;
			buildActionMask = 2147483647;
			files = (
				97216A8E172D08830002F022 /* InfoPlist.strings in Resources */,
				8954146017588E4000CF0D3B /* happy.png in Resources */,
				8954146217588E4000CF0D3B /* redhat_games.png in Resources */,
				8954146417588E4000CF0D3B /* sleeping_santaclaus.png in Resources */,
				89541467175896B700CF0D3B /* face_monkey.png in Resources */,
				8954146A17589C8100CF0D3B /* tsitter_square_sleeping.png in Resources */,
				89AAEDCE1760D5F800EA2EB9 /* photo_bac@2x.png in Resources */,
				8932CE781768551100FA1D2F /* tab1_off.png in Resources */,
				8932CE7A1768551100FA1D2F /* tab1_off@2x.png in Resources */,
				8932CE7C1768551100FA1D2F /* tab1_on.png in Resources */,
				8932CE7E1768551100FA1D2F /* tab1_on@2x.png in Resources */,
				8932CE801768551100FA1D2F /* tab2_off.png in Resources */,
				8932CE821768551100FA1D2F /* tab2_off@2x.png in Resources */,
				8932CE841768551100FA1D2F /* tab2_on.png in Resources */,
				8932CE861768551100FA1D2F /* tab2_on@2x.png in Resources */,
				8932CE881768551100FA1D2F /* tab3_off.png in Resources */,
				8932CE8A1768551100FA1D2F /* tab3_off@2x.png in Resources */,
				8932CE8C1768551100FA1D2F /* tab3_on.png in Resources */,
				8932CE8E1768551100FA1D2F /* tab3_on@2x.png in Resources */,
			);
			runOnlyForDeploymentPostprocessing = 0;
		};
/* End PBXResourcesBuildPhase section */

/* Begin PBXShellScriptBuildPhase section */
		97216A80172D08830002F022 /* ShellScript */ = {
			isa = PBXShellScriptBuildPhase;
			buildActionMask = 2147483647;
			files = (
			);
			inputPaths = (
			);
			outputPaths = (
			);
			runOnlyForDeploymentPostprocessing = 0;
			shellPath = /bin/sh;
			shellScript = "# Run the unit tests in this test bundle.\n\"${SYSTEM_DEVELOPER_DIR}/Tools/RunUnitTests\"\n";
		};
/* End PBXShellScriptBuildPhase section */

/* Begin PBXSourcesBuildPhase section */
		97216A55172D08830002F022 /* Sources */ = {
			isa = PBXSourcesBuildPhase;
			buildActionMask = 2147483647;
			files = (
				97216A69172D08830002F022 /* main.m in Sources */,
				97216A6D172D08830002F022 /* AppDelegate.m in Sources */,
				97216A7C172D08830002F022 /* ViewController.m in Sources */,
				97DD13B11732648E0030CC46 /* Reachability.m in Sources */,
				97DD1405173264FD0030CC46 /* ASIAuthenticationDialog.m in Sources */,
				97DD1406173264FD0030CC46 /* ASIDataCompressor.m in Sources */,
				97DD1407173264FD0030CC46 /* ASIDataDecompressor.m in Sources */,
				97DD1408173264FD0030CC46 /* ASIDownloadCache.m in Sources */,
				97DD1409173264FD0030CC46 /* ASIFormDataRequest.m in Sources */,
				97DD140A173264FD0030CC46 /* ASIHTTPRequest.m in Sources */,
				97DD140B173264FD0030CC46 /* ASIInputStream.m in Sources */,
				97DD140C173264FD0030CC46 /* ASINetworkQueue.m in Sources */,
				97DD140D173264FD0030CC46 /* ASIWebPageRequest.m in Sources */,
				97DD140E173264FD0030CC46 /* ASICloudFilesCDNRequest.m in Sources */,
				97DD140F173264FD0030CC46 /* ASICloudFilesContainer.m in Sources */,
				97DD1410173264FD0030CC46 /* ASICloudFilesContainerRequest.m in Sources */,
				97DD1411173264FD0030CC46 /* ASICloudFilesContainerXMLParserDelegate.m in Sources */,
				97DD1412173264FD0030CC46 /* ASICloudFilesObject.m in Sources */,
				97DD1413173264FD0030CC46 /* ASICloudFilesObjectRequest.m in Sources */,
				97DD1414173264FD0030CC46 /* ASICloudFilesRequest.m in Sources */,
				97DD1415173264FD0030CC46 /* ASIS3Bucket.m in Sources */,
				97DD1416173264FD0030CC46 /* ASIS3BucketObject.m in Sources */,
				97DD1417173264FD0030CC46 /* ASIS3BucketRequest.m in Sources */,
				97DD1418173264FD0030CC46 /* ASIS3ObjectRequest.m in Sources */,
				97DD1419173264FD0030CC46 /* ASIS3Request.m in Sources */,
				97DD141A173264FD0030CC46 /* ASIS3ServiceRequest.m in Sources */,
				89500D22175F6BAC0087C6D0 /* ViewController2.m in Sources */,
				8935CA6E1761D53100A07174 /* MarsCell.m in Sources */,
				896909131762091B00257246 /* DuduCell.m in Sources */,
				890E3BE11764B063009E76E6 /* ViewController3.m in Sources */,
				8932CE9117685F2500FA1D2F /* tableSectionBar.m in Sources */,
			);
			runOnlyForDeploymentPostprocessing = 0;
		};
		97216A7D172D08830002F022 /* Sources */ = {
			isa = PBXSourcesBuildPhase;
			buildActionMask = 2147483647;
			files = (
				97216A91172D08830002F022 /* TEST2Tests.m in Sources */,
				8932CE9217685F2500FA1D2F /* tableSectionBar.m in Sources */,
			);
			runOnlyForDeploymentPostprocessing = 0;
		};
/* End PBXSourcesBuildPhase section */

/* Begin PBXTargetDependency section */
		97216A88172D08830002F022 /* PBXTargetDependency */ = {
			isa = PBXTargetDependency;
			target = 97216A58172D08830002F022 /* TEST2 */;
			targetProxy = 97216A87172D08830002F022 /* PBXContainerItemProxy */;
		};
/* End PBXTargetDependency section */

/* Begin PBXVariantGroup section */
		97216A65172D08830002F022 /* InfoPlist.strings */ = {
			isa = PBXVariantGroup;
			children = (
				97216A66172D08830002F022 /* en */,
			);
			name = InfoPlist.strings;
			sourceTree = "<group>";
		};
		97216A74172D08830002F022 /* MainStoryboard_iPhone.storyboard */ = {
			isa = PBXVariantGroup;
			children = (
				97216A75172D08830002F022 /* en */,
			);
			name = MainStoryboard_iPhone.storyboard;
			sourceTree = "<group>";
		};
		97216A77172D08830002F022 /* MainStoryboard_iPad.storyboard */ = {
			isa = PBXVariantGroup;
			children = (
				97216A78172D08830002F022 /* en */,
			);
			name = MainStoryboard_iPad.storyboard;
			sourceTree = "<group>";
		};
		97216A8C172D08830002F022 /* InfoPlist.strings */ = {
			isa = PBXVariantGroup;
			children = (
				97216A8D172D08830002F022 /* en */,
			);
			name = InfoPlist.strings;
			sourceTree = "<group>";
		};
/* End PBXVariantGroup section */

/* Begin XCBuildConfiguration section */
		97216A92172D08830002F022 /* Debug */ = {
			isa = XCBuildConfiguration;
			buildSettings = {
				ALWAYS_SEARCH_USER_PATHS = NO;
				CLANG_CXX_LANGUAGE_STANDARD = "gnu++0x";
				CLANG_CXX_LIBRARY = "libc++";
				CLANG_ENABLE_OBJC_ARC = YES;
				CLANG_WARN_CONSTANT_CONVERSION = YES;
				CLANG_WARN_EMPTY_BODY = YES;
				CLANG_WARN_ENUM_CONVERSION = YES;
				CLANG_WARN_INT_CONVERSION = YES;
				CLANG_WARN__DUPLICATE_METHOD_MATCH = YES;
				"CODE_SIGN_IDENTITY[sdk=iphoneos*]" = "iPhone Developer";
				COPY_PHASE_STRIP = NO;
				GCC_C_LANGUAGE_STANDARD = gnu99;
				GCC_DYNAMIC_NO_PIC = NO;
				GCC_OPTIMIZATION_LEVEL = 0;
				GCC_PREPROCESSOR_DEFINITIONS = (
					"DEBUG=1",
					"$(inherited)",
				);
				GCC_SYMBOLS_PRIVATE_EXTERN = NO;
				GCC_WARN_ABOUT_RETURN_TYPE = YES;
				GCC_WARN_UNINITIALIZED_AUTOS = YES;
				GCC_WARN_UNUSED_VARIABLE = YES;
				IPHONEOS_DEPLOYMENT_TARGET = 6.1;
				ONLY_ACTIVE_ARCH = YES;
				SDKROOT = iphoneos;
				TARGETED_DEVICE_FAMILY = "1,2";
			};
			name = Debug;
		};
		97216A93172D08830002F022 /* Release */ = {
			isa = XCBuildConfiguration;
			buildSettings = {
				ALWAYS_SEARCH_USER_PATHS = NO;
				CLANG_CXX_LANGUAGE_STANDARD = "gnu++0x";
				CLANG_CXX_LIBRARY = "libc++";
				CLANG_ENABLE_OBJC_ARC = YES;
				CLANG_WARN_CONSTANT_CONVERSION = YES;
				CLANG_WARN_EMPTY_BODY = YES;
				CLANG_WARN_ENUM_CONVERSION = YES;
				CLANG_WARN_INT_CONVERSION = YES;
				CLANG_WARN__DUPLICATE_METHOD_MATCH = YES;
				"CODE_SIGN_IDENTITY[sdk=iphoneos*]" = "iPhone Developer";
				COPY_PHASE_STRIP = YES;
				GCC_C_LANGUAGE_STANDARD = gnu99;
				GCC_WARN_ABOUT_RETURN_TYPE = YES;
				GCC_WARN_UNINITIALIZED_AUTOS = YES;
				GCC_WARN_UNUSED_VARIABLE = YES;
				IPHONEOS_DEPLOYMENT_TARGET = 6.1;
				OTHER_CFLAGS = "-DNS_BLOCK_ASSERTIONS=1";
				SDKROOT = iphoneos;
				TARGETED_DEVICE_FAMILY = "1,2";
				VALIDATE_PRODUCT = YES;
			};
			name = Release;
		};
		97216A95172D08830002F022 /* Debug */ = {
			isa = XCBuildConfiguration;
			buildSettings = {
				GCC_PRECOMPILE_PREFIX_HEADER = YES;
				GCC_PREFIX_HEADER = "TEST2/TEST2-Prefix.pch";
				HEADER_SEARCH_PATHS = /usr/include/libxml2;
				INFOPLIST_FILE = "TEST2/TEST2-Info.plist";
				PRODUCT_NAME = "$(TARGET_NAME)";
				WRAPPER_EXTENSION = app;
			};
			name = Debug;
		};
		97216A96172D08830002F022 /* Release */ = {
			isa = XCBuildConfiguration;
			buildSettings = {
				GCC_PRECOMPILE_PREFIX_HEADER = YES;
				GCC_PREFIX_HEADER = "TEST2/TEST2-Prefix.pch";
				HEADER_SEARCH_PATHS = /usr/include/libxml2;
				INFOPLIST_FILE = "TEST2/TEST2-Info.plist";
				PRODUCT_NAME = "$(TARGET_NAME)";
				WRAPPER_EXTENSION = app;
			};
			name = Release;
		};
		97216A98172D08830002F022 /* Debug */ = {
			isa = XCBuildConfiguration;
			buildSettings = {
				BUNDLE_LOADER = "$(BUILT_PRODUCTS_DIR)/TEST2.app/TEST2";
				FRAMEWORK_SEARCH_PATHS = (
					"\"$(SDKROOT)/Developer/Library/Frameworks\"",
					"\"$(DEVELOPER_LIBRARY_DIR)/Frameworks\"",
				);
				GCC_PRECOMPILE_PREFIX_HEADER = YES;
				GCC_PREFIX_HEADER = "TEST2/TEST2-Prefix.pch";
				INFOPLIST_FILE = "TEST2Tests/TEST2Tests-Info.plist";
				PRODUCT_NAME = "$(TARGET_NAME)";
				TEST_HOST = "$(BUNDLE_LOADER)";
				WRAPPER_EXTENSION = octest;
			};
			name = Debug;
		};
		97216A99172D08830002F022 /* Release */ = {
			isa = XCBuildConfiguration;
			buildSettings = {
				BUNDLE_LOADER = "$(BUILT_PRODUCTS_DIR)/TEST2.app/TEST2";
				FRAMEWORK_SEARCH_PATHS = (
					"\"$(SDKROOT)/Developer/Library/Frameworks\"",
					"\"$(DEVELOPER_LIBRARY_DIR)/Frameworks\"",
				);
				GCC_PRECOMPILE_PREFIX_HEADER = YES;
				GCC_PREFIX_HEADER = "TEST2/TEST2-Prefix.pch";
				INFOPLIST_FILE = "TEST2Tests/TEST2Tests-Info.plist";
				PRODUCT_NAME = "$(TARGET_NAME)";
				TEST_HOST = "$(BUNDLE_LOADER)";
				WRAPPER_EXTENSION = octest;
			};
			name = Release;
		};
/* End XCBuildConfiguration section */

/* Begin XCConfigurationList section */
		97216A54172D08830002F022 /* Build configuration list for PBXProject "TEST2" */ = {
			isa = XCConfigurationList;
			buildConfigurations = (
				97216A92172D08830002F022 /* Debug */,
				97216A93172D08830002F022 /* Release */,
			);
			defaultConfigurationIsVisible = 0;
			defaultConfigurationName = Release;
		};
		97216A94172D08830002F022 /* Build configuration list for PBXNativeTarget "TEST2" */ = {
			isa = XCConfigurationList;
			buildConfigurations = (
				97216A95172D08830002F022 /* Debug */,
				97216A96172D08830002F022 /* Release */,
			);
			defaultConfigurationIsVisible = 0;
			defaultConfigurationName = Release;
		};
		97216A97172D08830002F022 /* Build configuration list for PBXNativeTarget "TEST2Tests" */ = {
			isa = XCConfigurationList;
			buildConfigurations = (
				97216A98172D08830002F022 /* Debug */,
				97216A99172D08830002F022 /* Release */,
			);
			defaultConfigurationIsVisible = 0;
			defaultConfigurationName = Release;
		};
/* End XCConfigurationList section */
	};
	rootObject = 97216A51172D08830002F022 /* Project object */;
}
